{
  "name": "htmlrapier.bootstrap.datetime",
  "version": "5.1.0",
  "lockfileVersion": 3,
  "requires": true,
  "packages": {
    "": {
      "name": "htmlrapier.bootstrap.datetime",
      "version": "5.1.0",
      "license": "MIT",
      "dependencies": {
        "bootstrap": ">=3.3.7",
        "htmlrapier": ">=25.0.0",
        "htmlrapier.bootstrap": ">=9.0.0",
        "moment": "^2.30.1",
        "moment-timezone": "^0.5.45"
      }
    },
    "node_modules/bootstrap": {
      "version": "4.5.0",
      "resolved": "https://registry.npmjs.org/bootstrap/-/bootstrap-4.5.0.tgz",
      "integrity": "sha512-Z93QoXvodoVslA+PWNdk23Hze4RBYIkpb5h8I2HY2Tu2h7A0LpAgLcyrhrSUyo2/Oxm2l1fRZPs1e5hnxnliXA==",
      "funding": {
        "type": "opencollective",
        "url": "https://opencollective.com/bootstrap"
      },
      "peerDependencies": {
        "jquery": "1.9.1 - 3",
        "popper.js": "^1.16.0"
      }
    },
    "node_modules/htmlrapier": {
      "version": "25.0.0",
      "resolved": "https://registry.npmjs.org/htmlrapier/-/htmlrapier-25.0.0.tgz",
      "integrity": "sha512-4+lJmI2WVxEPAZd4RKE9Dv8ycYqBcHbuLxhRzVx05X0ucKI/hRsMWCoA4Xxvue7q5IH5NlH4w8GKfk3FZ6vgvg==",
      "dependencies": {
        "tslib": ">=1.6.1"
      }
    },
    "node_modules/htmlrapier.bootstrap": {
      "version": "9.0.0",
      "resolved": "https://registry.npmjs.org/htmlrapier.bootstrap/-/htmlrapier.bootstrap-9.0.0.tgz",
      "integrity": "sha512-UdkLBFXANugE7ejI9AVh5QNjDiKbTx2i8qCb6v7sAz0zeuF+u47Cv07LNiH51fnwUw/Ufgm7LTnxQWAca9xW0w==",
      "dependencies": {
        "htmlrapier": ">=25.0.0"
      }
    },
    "node_modules/moment": {
      "version": "2.30.1",
      "resolved": "https://registry.npmjs.org/moment/-/moment-2.30.1.tgz",
      "integrity": "sha512-uEmtNhbDOrWPFS+hdjFCBfy9f2YoyzRpwcl+DqpC6taX21FzsTLQVbMV/W7PzNSX6x/bhC1zA3c2UQ5NzH6how==",
      "engines": {
        "node": "*"
      }
    },
    "node_modules/moment-timezone": {
      "version": "0.5.45",
      "resolved": "https://registry.npmjs.org/moment-timezone/-/moment-timezone-0.5.45.tgz",
      "integrity": "sha512-HIWmqA86KcmCAhnMAN0wuDOARV/525R2+lOLotuGFzn4HO+FH+/645z2wx0Dt3iDv6/p61SIvKnDstISainhLQ==",
      "dependencies": {
        "moment": "^2.29.4"
      },
      "engines": {
        "node": "*"
      }
    },
    "node_modules/tslib": {
      "version": "2.3.0",
      "resolved": "https://registry.npmjs.org/tslib/-/tslib-2.3.0.tgz",
      "integrity": "sha512-N82ooyxVNm6h1riLCoyS9e3fuJ3AMG2zIZs2Gd1ATcSFjSA23Q0fzjjZeh0jbJvWVDZ0cJT8yaNNaaXHzueNjg=="
    }
  }
}
