{
  "name": "htmlrapier.bootstrap.datetime",
  "version": "5.0.0",
  "lockfileVersion": 1,
  "requires": true,
  "dependencies": {
    "bootstrap": {
      "version": "4.5.0",
      "resolved": "https://registry.npmjs.org/bootstrap/-/bootstrap-4.5.0.tgz",
      "integrity": "sha512-Z93QoXvodoVslA+PWNdk23Hze4RBYIkpb5h8I2HY2Tu2h7A0LpAgLcyrhrSUyo2/Oxm2l1fRZPs1e5hnxnliXA=="
    },
    "htmlrapier": {
      "version": "25.0.0",
      "resolved": "https://registry.npmjs.org/htmlrapier/-/htmlrapier-25.0.0.tgz",
      "integrity": "sha512-4+lJmI2WVxEPAZd4RKE9Dv8ycYqBcHbuLxhRzVx05X0ucKI/hRsMWCoA4Xxvue7q5IH5NlH4w8GKfk3FZ6vgvg==",
      "requires": {
        "tslib": ">=1.6.1"
      }
    },
    "htmlrapier.bootstrap": {
      "version": "9.0.0",
      "resolved": "https://registry.npmjs.org/htmlrapier.bootstrap/-/htmlrapier.bootstrap-9.0.0.tgz",
      "integrity": "sha512-UdkLBFXANugE7ejI9AVh5QNjDiKbTx2i8qCb6v7sAz0zeuF+u47Cv07LNiH51fnwUw/Ufgm7LTnxQWAca9xW0w==",
      "requires": {
        "htmlrapier": ">=25.0.0"
      }
    },
    "moment": {
      "version": "2.27.0",
      "resolved": "https://registry.npmjs.org/moment/-/moment-2.27.0.tgz",
      "integrity": "sha512-al0MUK7cpIcglMv3YF13qSgdAIqxHTO7brRtaz3DlSULbqfazqkc5kEjNrLDOM7fsjshoFIihnU8snrP7zUvhQ=="
    },
    "moment-timezone": {
      "version": "0.5.31",
      "resolved": "https://registry.npmjs.org/moment-timezone/-/moment-timezone-0.5.31.tgz",
      "integrity": "sha512-+GgHNg8xRhMXfEbv81iDtrVeTcWt0kWmTEY1XQK14dICTXnWJnT0dxdlPspwqF3keKMVPXwayEsk1DI0AA/jdA==",
      "requires": {
        "moment": ">= 2.9.0"
      }
    },
    "tslib": {
      "version": "2.3.0",
      "resolved": "https://registry.npmjs.org/tslib/-/tslib-2.3.0.tgz",
      "integrity": "sha512-N82ooyxVNm6h1riLCoyS9e3fuJ3AMG2zIZs2Gd1ATcSFjSA23Q0fzjjZeh0jbJvWVDZ0cJT8yaNNaaXHzueNjg=="
    }
  }
}
